<?xml version="1.0" encoding="utf-8"?>
<Project ToolsVersion="4.0" xmlns="http://schemas.microsoft.com/developer/msbuild/2003">
  <ItemGroup>
    <ClCompile Include="Afspilning.cpp" />
    <ClCompile Include="Behandling.cpp" />
    <ClCompile Include="Bit2Tekst.cpp" />
    <ClCompile Include="BitDTMF.cpp" />
    <ClCompile Include="CRC.cpp" />
    <ClCompile Include="customRecorder.cpp" />
    <ClCompile Include="DTMF2Bit.cpp" />
    <ClCompile Include="DTMFToner.cpp" />
    <ClCompile Include="NAK.cpp" />
    <ClCompile Include="PacketSelection.cpp" />
    <ClCompile Include="PictureProcessing.cpp" />
    <ClCompile Include="Source.cpp" />
    <ClCompile Include="Timer.cpp" />
    <ClCompile Include="Synkronisering.cpp" />
    <ClCompile Include="TextProcessing.cpp" />
    <ClCompile Include="Opdeling.cpp" />
    <ClCompile Include="Framing.cpp" />
  </ItemGroup>
  <ItemGroup>
    <ClInclude Include="..\..\..\..\..\..\..\..\Desktop\CImg.h" />
    <ClInclude Include="Afspilning.h" />
    <ClInclude Include="Behandling.h" />
    <ClInclude Include="BitDTMF.h" />
    <ClInclude Include="Bit2Tekst.h" />
    <ClInclude Include="CRC.h" />
    <ClInclude Include="customRecorder.h" />
    <ClInclude Include="DTMF2Bit.h" />
    <ClInclude Include="DTMFToner.h" />
    <ClInclude Include="NAK.h" />
    <ClInclude Include="PacketSelection.h" />
    <ClInclude Include="PictureProcessing.h" />
    <ClInclude Include="TextProcessing.h" />
    <ClInclude Include="Synkronisering.h" />
    <ClInclude Include="Timer.h" />
    <ClInclude Include="Opdeling.h" />
    <ClInclude Include="Framing.h" />
  </ItemGroup>
</Project>